// !$*UTF8*$!
{
	archiveVersion = 1;
	classes = {
	};
	objectVersion = 77;
	objects = {

/* Begin PBXBuildFile section */
		026812182E535B80325DD619 /* HTMLNodesView.swift in Sources */ = {isa = PBXBuildFile; fileRef = C08E2DE2AD6A60B2ADDF9A1D /* HTMLNodesView.swift */; };
		02EEAE22F089018B5D799C09 /* AppDelegate.swift in Sources */ = {isa = PBXBuildFile; fileRef = 272F12ADEC84882D136F3F89 /* AppDelegate.swift */; };
		03B3980D87AB62AEDFA8CCAC /* Welcome.md in Resources */ = {isa = PBXBuildFile; fileRef = 710730D0833F7BE1B4AC8E15 /* Welcome.md */; };
		0720D9CC9E1DDD8344503B0E /* CodeBlockView.swift in Sources */ = {isa = PBXBuildFile; fileRef = 9E5CD739050A07BA13ECEF79 /* CodeBlockView.swift */; };
		08784E6179831696BABF401D /* RenderBlock.swift in Sources */ = {isa = PBXBuildFile; fileRef = C84C34635C525C5CA9011962 /* RenderBlock.swift */; };
		0A78065229C6A473AEE96465 /* Typography.swift in Sources */ = {isa = PBXBuildFile; fileRef = D79369082BDA9E8F3BAC17BA /* Typography.swift */; };
		0CD90092797A8FD04895C35A /* SettingsView.swift in Sources */ = {isa = PBXBuildFile; fileRef = BA92C56E5FEA190EEB211519 /* SettingsView.swift */; };
		14A2B2A0FED711790417E5A5 /* BlockView.swift in Sources */ = {isa = PBXBuildFile; fileRef = 9EBA1ACD234F8612651606AD /* BlockView.swift */; };
		14BA5FC539250D614E8A26FC /* FlowLayout.swift in Sources */ = {isa = PBXBuildFile; fileRef = CA75DC9821DC17DC748F1AD4 /* FlowLayout.swift */; };
		14F3DEE5F2EE0D9DB2107A9F /* FolderAccessStore.swift in Sources */ = {isa = PBXBuildFile; fileRef = 10672609D88CF0FA95FDB640 /* FolderAccessStore.swift */; };
		18ECDD591DE04A7A1C370C32 /* ReadmeLensQuickLook.appex in Embed Foundation Extensions */ = {isa = PBXBuildFile; fileRef = 7A616E6F7F632F8450A89E59 /* ReadmeLensQuickLook.appex */; settings = {ATTRIBUTES = (RemoveHeadersOnCopy, ); }; };
		1C4D6AF51425D22F0470B242 /* DocumentModel.swift in Sources */ = {isa = PBXBuildFile; fileRef = 18EF9EBC424858374A46CDE1 /* DocumentModel.swift */; };
		1DAB169221180CBC24C04D8E /* ContentView.swift in Sources */ = {isa = PBXBuildFile; fileRef = 905CC632DC6C8BE56B18FE1C /* ContentView.swift */; };
		231DC0EA113906C8D98BBADD /* HTMLParser.swift in Sources */ = {isa = PBXBuildFile; fileRef = D2F07D250039DB2734A8B138 /* HTMLParser.swift */; };
		2374D37B4441D6A54F40E857 /* CodeBlockView.swift in Sources */ = {isa = PBXBuildFile; fileRef = 9E5CD739050A07BA13ECEF79 /* CodeBlockView.swift */; };
		252241B3B3E651479E7430FD /* DefaultAppBanner.swift in Sources */ = {isa = PBXBuildFile; fileRef = 426CCD3AEC703E933E581DC4 /* DefaultAppBanner.swift */; };
		261F7796E474C12CFBE6D94E /* Outline.swift in Sources */ = {isa = PBXBuildFile; fileRef = FE57AD10235982F9913AEF61 /* Outline.swift */; };
		27E827C618FB3EBF93EB7F32 /* HighlightSplitter.swift in Sources */ = {isa = PBXBuildFile; fileRef = D1AA870915B2D09D408042A0 /* HighlightSplitter.swift */; };
		35EE68651D1364E552D7F5C2 /* ThemePickerButton.swift in Sources */ = {isa = PBXBuildFile; fileRef = 6600E0707AE37B2CEDF08A42 /* ThemePickerButton.swift */; };
		361967A14B363BC1A3541B10 /* DefaultAppCoordinator.swift in Sources */ = {isa = PBXBuildFile; fileRef = 8396B417ED8EE9D4C067F0B9 /* DefaultAppCoordinator.swift */; };
		379516EE3353CE51FA01AD9E /* Theme.swift in Sources */ = {isa = PBXBuildFile; fileRef = 6B902ACF41B13280DB6023D6 /* Theme.swift */; };
		39399A96B0AA7F095DC6186E /* ParserTests.swift in Sources */ = {isa = PBXBuildFile; fileRef = 35637A8A5455B850AFAD6646 /* ParserTests.swift */; };
		39E7C8A8DB2444B95B282A43 /* SyntaxHighlighter.swift in Sources */ = {isa = PBXBuildFile; fileRef = 5E99B8BE4555490DE57727B2 /* SyntaxHighlighter.swift */; };
		3A38D5015978C8F98A211A25 /* SyntaxHighlighterTests.swift in Sources */ = {isa = PBXBuildFile; fileRef = 1E8436DBE8F09535F21BFFFE /* SyntaxHighlighterTests.swift */; };
		4224F32A1DACFF95005FDFEF /* ThemeStore.swift in Sources */ = {isa = PBXBuildFile; fileRef = CDB92B3C48041572F10129D0 /* ThemeStore.swift */; };
		42BD63FCAD02D7FC1EF70ADA /* InlineFlattener.swift in Sources */ = {isa = PBXBuildFile; fileRef = 6A390528BCAB052347C3E767 /* InlineFlattener.swift */; };
		4887475540EA5E6AC44ECC36 /* BlockFlattener.swift in Sources */ = {isa = PBXBuildFile; fileRef = F2385B789D786D47CD2EBA0C /* BlockFlattener.swift */; };
		48A686A13321B9B7F3DD07B8 /* BuiltinThemes.swift in Sources */ = {isa = PBXBuildFile; fileRef = 2323B7C4F76AC05FBF874635 /* BuiltinThemes.swift */; };
		4A45EC23E2F832BA12A448F6 /* HTMLNode.swift in Sources */ = {isa = PBXBuildFile; fileRef = 27A71131794E5C8D6308F3EB /* HTMLNode.swift */; };
		4B16ACBED188B3BFFA441C71 /* DefaultAppCoordinator.swift in Sources */ = {isa = PBXBuildFile; fileRef = 8396B417ED8EE9D4C067F0B9 /* DefaultAppCoordinator.swift */; };
		4E0E6BDBEFBA8374B9F689AD /* DocumentPrinter.swift in Sources */ = {isa = PBXBuildFile; fileRef = B20E3CCB9DABE8A64DE38911 /* DocumentPrinter.swift */; };
		527244276AD46935D85196AA /* AppSettings.swift in Sources */ = {isa = PBXBuildFile; fileRef = FFB18548061A559F5AA0367A /* AppSettings.swift */; };
		55B5324188ECB56506F07E7F /* FileWatcherTests.swift in Sources */ = {isa = PBXBuildFile; fileRef = E02FE627EDBD3FE6F6D7F4EA /* FileWatcherTests.swift */; };
		564162A5D6C004A8CF2B781C /* OutlineAndSearchTests.swift in Sources */ = {isa = PBXBuildFile; fileRef = B293CB144DA7EFA878596450 /* OutlineAndSearchTests.swift */; };
		56FAA516691391772F355D1F /* InlineText.swift in Sources */ = {isa = PBXBuildFile; fileRef = FB0990F4A6D4885F470B5816 /* InlineText.swift */; };
		584BFC5F197ED2BE907AFA18 /* NavigationTests.swift in Sources */ = {isa = PBXBuildFile; fileRef = F1833AF6D15F24862CC232A5 /* NavigationTests.swift */; };
		5A6293ADAE51FDEC5D67714F /* DocumentModel.swift in Sources */ = {isa = PBXBuildFile; fileRef = 18EF9EBC424858374A46CDE1 /* DocumentModel.swift */; };
		5F5F432C7DC555D21FD6210F /* HTMLNode.swift in Sources */ = {isa = PBXBuildFile; fileRef = 27A71131794E5C8D6308F3EB /* HTMLNode.swift */; };
		6312B82B2136EDA6291C1CD0 /* LanguageGrammar.swift in Sources */ = {isa = PBXBuildFile; fileRef = B0521C09D905085B18135CBC /* LanguageGrammar.swift */; };
		66A707F666A1FAB54E902312 /* SyntaxHighlighter.swift in Sources */ = {isa = PBXBuildFile; fileRef = 5E99B8BE4555490DE57727B2 /* SyntaxHighlighter.swift */; };
		68DF1F6E2CACFC0B1CA4C953 /* HTMLParser.swift in Sources */ = {isa = PBXBuildFile; fileRef = D2F07D250039DB2734A8B138 /* HTMLParser.swift */; };
		6C080D43C8FC01AAA7631170 /* HTMLParserTests.swift in Sources */ = {isa = PBXBuildFile; fileRef = ED5C4E0A52086E5F3217FC88 /* HTMLParserTests.swift */; };
		6E72A94D95406D0478F5FCBF /* SearchBar.swift in Sources */ = {isa = PBXBuildFile; fileRef = 86644D315C3640380D70D737 /* SearchBar.swift */; };
		707F10C8498FFD4AEA62B9C4 /* InlineFlattener.swift in Sources */ = {isa = PBXBuildFile; fileRef = 6A390528BCAB052347C3E767 /* InlineFlattener.swift */; };
		76DE860864412EF6666BB2C1 /* MarkdownTableView.swift in Sources */ = {isa = PBXBuildFile; fileRef = DC66BD8DA7A8AFF42D5F4384 /* MarkdownTableView.swift */; };
		79C7B2BB3CE0514D536EB05E /* LanguageGrammar.swift in Sources */ = {isa = PBXBuildFile; fileRef = B0521C09D905085B18135CBC /* LanguageGrammar.swift */; };
		7A142FAF3AAD91CE60F008DA /* FolderAccessStore.swift in Sources */ = {isa = PBXBuildFile; fileRef = 10672609D88CF0FA95FDB640 /* FolderAccessStore.swift */; };
		7C17592F304456A54B5FEE41 /* HTMLInlineRun.swift in Sources */ = {isa = PBXBuildFile; fileRef = CA1F72163E6BF04AC25C6476 /* HTMLInlineRun.swift */; };
		7FC57C4867CDFAADB81FBCCB /* AppSettings.swift in Sources */ = {isa = PBXBuildFile; fileRef = FFB18548061A559F5AA0367A /* AppSettings.swift */; };
		7FC76926B7A706A16622214D /* Markdown in Frameworks */ = {isa = PBXBuildFile; productRef = 3476431F263C63EF441CF804 /* Markdown */; };
		83A577043810BEE60FA90A78 /* PreviewViewController.swift in Sources */ = {isa = PBXBuildFile; fileRef = 630B0BEED907D2B014DEEC15 /* PreviewViewController.swift */; };
		865575C628CFB4364B7C7AD3 /* ReadmeLensApp.swift in Sources */ = {isa = PBXBuildFile; fileRef = 935E18BE23449FE2B7667A17 /* ReadmeLensApp.swift */; };
		88B7098DBD5DC44912008B73 /* CustomThemeStore.swift in Sources */ = {isa = PBXBuildFile; fileRef = 20F2EDDBAEEB7517F913CB22 /* CustomThemeStore.swift */; };
		8E97755B398338D446FC4120 /* Assets.xcassets in Resources */ = {isa = PBXBuildFile; fileRef = DAD611EDABF5EE906C9DA99D /* Assets.xcassets */; };
		9413240A7C70ECCED2A3CEE6 /* HTMLNodesView.swift in Sources */ = {isa = PBXBuildFile; fileRef = C08E2DE2AD6A60B2ADDF9A1D /* HTMLNodesView.swift */; };
		956892F0D7EC7C739F829317 /* HighlightSplitter.swift in Sources */ = {isa = PBXBuildFile; fileRef = D1AA870915B2D09D408042A0 /* HighlightSplitter.swift */; };
		977490F83C486A70E2EF27EB /* DocumentImage.swift in Sources */ = {isa = PBXBuildFile; fileRef = 91F73CE5C3D1AC1D1CF290E6 /* DocumentImage.swift */; };
		A0C03E011B89B5A09E11C7E3 /* DocumentImage.swift in Sources */ = {isa = PBXBuildFile; fileRef = 91F73CE5C3D1AC1D1CF290E6 /* DocumentImage.swift */; };
		A228D5D80F795B8428922323 /* DefaultAppBanner.swift in Sources */ = {isa = PBXBuildFile; fileRef = 426CCD3AEC703E933E581DC4 /* DefaultAppBanner.swift */; };
		A4495B9E157A59C574F4840E /* ThemeStore.swift in Sources */ = {isa = PBXBuildFile; fileRef = CDB92B3C48041572F10129D0 /* ThemeStore.swift */; };
		A52E186892FE88F05CC07597 /* ThemeFileTests.swift in Sources */ = {isa = PBXBuildFile; fileRef = AFE23720B2152D78F35D3858 /* ThemeFileTests.swift */; };
		A90C4D9ECB2F49E4D4524846 /* ThemePickerButton.swift in Sources */ = {isa = PBXBuildFile; fileRef = 6600E0707AE37B2CEDF08A42 /* ThemePickerButton.swift */; };
		A9F89893EBEE10A824E18D8F /* CustomThemeStore.swift in Sources */ = {isa = PBXBuildFile; fileRef = 20F2EDDBAEEB7517F913CB22 /* CustomThemeStore.swift */; };
		AC5960778B8796D07A00D0DA /* FileWatcher.swift in Sources */ = {isa = PBXBuildFile; fileRef = 264BFD166449A5A529A853A7 /* FileWatcher.swift */; };
		AD40D23B57BA57FDB2ACA0BC /* Typography.swift in Sources */ = {isa = PBXBuildFile; fileRef = D79369082BDA9E8F3BAC17BA /* Typography.swift */; };
		B0852C2642CB3C885766CEC8 /* ThemeFile.swift in Sources */ = {isa = PBXBuildFile; fileRef = 1DC04A8309602D0E5A6E2E36 /* ThemeFile.swift */; };
		B2EDA768F9E781D495352CDD /* HTMLInlineRun.swift in Sources */ = {isa = PBXBuildFile; fileRef = CA1F72163E6BF04AC25C6476 /* HTMLInlineRun.swift */; };
		B8DEA90491C5EA7BA7EF055F /* ContentView.swift in Sources */ = {isa = PBXBuildFile; fileRef = 905CC632DC6C8BE56B18FE1C /* ContentView.swift */; };
		BCEE4CA55D1A7C82C8622864 /* ThemeTests.swift in Sources */ = {isa = PBXBuildFile; fileRef = D2602A4E4552968859CDA54B /* ThemeTests.swift */; };
		BFB60ADF964CFE5A76E78ED1 /* StyledText.swift in Sources */ = {isa = PBXBuildFile; fileRef = 21E98A6295B231E05C5E160F /* StyledText.swift */; };
		C0680621D400E7C987607804 /* DocumentPrinter.swift in Sources */ = {isa = PBXBuildFile; fileRef = B20E3CCB9DABE8A64DE38911 /* DocumentPrinter.swift */; };
		C7B91126D3A57EF72144B3F7 /* BlockView.swift in Sources */ = {isa = PBXBuildFile; fileRef = 9EBA1ACD234F8612651606AD /* BlockView.swift */; };
		C9D2D8839455438B344DFEB1 /* RenderBlock.swift in Sources */ = {isa = PBXBuildFile; fileRef = C84C34635C525C5CA9011962 /* RenderBlock.swift */; };
		CACA681EE28E8F14EDD2ECAC /* OutlineSidebar.swift in Sources */ = {isa = PBXBuildFile; fileRef = A6B108BC038F7A9CCB295DD7 /* OutlineSidebar.swift */; };
		CBF5F122793312ADAB63FA6C /* OutlineSidebar.swift in Sources */ = {isa = PBXBuildFile; fileRef = A6B108BC038F7A9CCB295DD7 /* OutlineSidebar.swift */; };
		CE27E5DD1AD2C5823C84E4B0 /* SettingsView.swift in Sources */ = {isa = PBXBuildFile; fileRef = BA92C56E5FEA190EEB211519 /* SettingsView.swift */; };
		CF9AB58A290563FB970B7189 /* Outline.swift in Sources */ = {isa = PBXBuildFile; fileRef = FE57AD10235982F9913AEF61 /* Outline.swift */; };
		D38BE948DE98C88A5EE17473 /* DocumentPrinterTests.swift in Sources */ = {isa = PBXBuildFile; fileRef = 25D6D12A8429BFEC0D500506 /* DocumentPrinterTests.swift */; };
		D77B26DF50C975C86EE35538 /* Markdown in Frameworks */ = {isa = PBXBuildFile; productRef = 689967CA8C6A41D69EAC1BB8 /* Markdown */; };
		D7903A3D7EBACB1F90EE595B /* HTMLIntegrationTests.swift in Sources */ = {isa = PBXBuildFile; fileRef = B43A7E2538BEBCFDFADB3851 /* HTMLIntegrationTests.swift */; };
		D8A466A9E84285D7F2FF7659 /* SearchModel.swift in Sources */ = {isa = PBXBuildFile; fileRef = C05AB63C2D4F75441DF4A423 /* SearchModel.swift */; };
		DE76FDC935CC7EE53DEB105D /* BuiltinThemes.swift in Sources */ = {isa = PBXBuildFile; fileRef = 2323B7C4F76AC05FBF874635 /* BuiltinThemes.swift */; };
		DEF56EDDA0BA39293E92239B /* FileWatcher.swift in Sources */ = {isa = PBXBuildFile; fileRef = 264BFD166449A5A529A853A7 /* FileWatcher.swift */; };
		E3744607BDE44B9F2B9743D2 /* SearchModel.swift in Sources */ = {isa = PBXBuildFile; fileRef = C05AB63C2D4F75441DF4A423 /* SearchModel.swift */; };
		E44C7A9103B281C230D22EBE /* BlockFlattener.swift in Sources */ = {isa = PBXBuildFile; fileRef = F2385B789D786D47CD2EBA0C /* BlockFlattener.swift */; };
		EA208DB067402908918910C0 /* MarkdownTableView.swift in Sources */ = {isa = PBXBuildFile; fileRef = DC66BD8DA7A8AFF42D5F4384 /* MarkdownTableView.swift */; };
		ECB72840C79B99133254BFD6 /* InlineText.swift in Sources */ = {isa = PBXBuildFile; fileRef = FB0990F4A6D4885F470B5816 /* InlineText.swift */; };
		EFA58D95CF0EB808A3C9D901 /* SearchBar.swift in Sources */ = {isa = PBXBuildFile; fileRef = 86644D315C3640380D70D737 /* SearchBar.swift */; };
		F25AE98E22242E57A12DD853 /* StyledText.swift in Sources */ = {isa = PBXBuildFile; fileRef = 21E98A6295B231E05C5E160F /* StyledText.swift */; };
		F61DA241B720E0151E639D77 /* Markdown in Frameworks */ = {isa = PBXBuildFile; productRef = 8E5B251287594F93AEA4334F /* Markdown */; };
		F697811A1FBA7542B1B14E61 /* AppDelegate.swift in Sources */ = {isa = PBXBuildFile; fileRef = 272F12ADEC84882D136F3F89 /* AppDelegate.swift */; };
		F88331A4EFD7F6582C0A9BEE /* ThemeFile.swift in Sources */ = {isa = PBXBuildFile; fileRef = 1DC04A8309602D0E5A6E2E36 /* ThemeFile.swift */; };
		FA1F42CF44DF6666AABCC280 /* Theme.swift in Sources */ = {isa = PBXBuildFile; fileRef = 6B902ACF41B13280DB6023D6 /* Theme.swift */; };
		FED2BBDEA845BCAA4E4E5D48 /* FlowLayout.swift in Sources */ = {isa = PBXBuildFile; fileRef = CA75DC9821DC17DC748F1AD4 /* FlowLayout.swift */; };
/* End PBXBuildFile section */

/* Begin PBXContainerItemProxy section */
		099B25A96E4E6E85342B5EA6 /* PBXContainerItemProxy */ = {
			isa = PBXContainerItemProxy;
			containerPortal = D515A1B3C1CE160D131C1DE5 /* Project object */;
			proxyType = 1;
			remoteGlobalIDString = ADAB860DFD4E0868DDBC4135;
			remoteInfo = ReadmeLens;
		};
		BF0DFA67F51D2D44A319C6EA /* PBXContainerItemProxy */ = {
			isa = PBXContainerItemProxy;
			containerPortal = D515A1B3C1CE160D131C1DE5 /* Project object */;
			proxyType = 1;
			remoteGlobalIDString = 38CE484D61C8221E606BC8F0;
			remoteInfo = ReadmeLensQuickLook;
		};
/* End PBXContainerItemProxy section */

/* Begin PBXCopyFilesBuildPhase section */
		741C9261B8E41449838FD6CB /* Embed Foundation Extensions */ = {
			isa = PBXCopyFilesBuildPhase;
			buildActionMask = 2147483647;
			dstPath = "";
			dstSubfolderSpec = 13;
			files = (
				18ECDD591DE04A7A1C370C32 /* ReadmeLensQuickLook.appex in Embed Foundation Extensions */,
			);
			name = "Embed Foundation Extensions";
			runOnlyForDeploymentPostprocessing = 0;
		};
/* End PBXCopyFilesBuildPhase section */

/* Begin PBXFileReference section */
		10672609D88CF0FA95FDB640 /* FolderAccessStore.swift */ = {isa = PBXFileReference; lastKnownFileType = sourcecode.swift; path = FolderAccessStore.swift; sourceTree = "<group>"; };
		18EF9EBC424858374A46CDE1 /* DocumentModel.swift */ = {isa = PBXFileReference; lastKnownFileType = sourcecode.swift; path = DocumentModel.swift; sourceTree = "<group>"; };
		1DC04A8309602D0E5A6E2E36 /* ThemeFile.swift */ = {isa = PBXFileReference; lastKnownFileType = sourcecode.swift; path = ThemeFile.swift; sourceTree = "<group>"; };
		1E8436DBE8F09535F21BFFFE /* SyntaxHighlighterTests.swift */ = {isa = PBXFileReference; lastKnownFileType = sourcecode.swift; path = SyntaxHighlighterTests.swift; sourceTree = "<group>"; };
		20F2EDDBAEEB7517F913CB22 /* CustomThemeStore.swift */ = {isa = PBXFileReference; lastKnownFileType = sourcecode.swift; path = CustomThemeStore.swift; sourceTree = "<group>"; };
		21E98A6295B231E05C5E160F /* StyledText.swift */ = {isa = PBXFileReference; lastKnownFileType = sourcecode.swift; path = StyledText.swift; sourceTree = "<group>"; };
		2323B7C4F76AC05FBF874635 /* BuiltinThemes.swift */ = {isa = PBXFileReference; lastKnownFileType = sourcecode.swift; path = BuiltinThemes.swift; sourceTree = "<group>"; };
		25D6D12A8429BFEC0D500506 /* DocumentPrinterTests.swift */ = {isa = PBXFileReference; lastKnownFileType = sourcecode.swift; path = DocumentPrinterTests.swift; sourceTree = "<group>"; };
		264BFD166449A5A529A853A7 /* FileWatcher.swift */ = {isa = PBXFileReference; lastKnownFileType = sourcecode.swift; path = FileWatcher.swift; sourceTree = "<group>"; };
		272F12ADEC84882D136F3F89 /* AppDelegate.swift */ = {isa = PBXFileReference; lastKnownFileType = sourcecode.swift; path = AppDelegate.swift; sourceTree = "<group>"; };
		27A71131794E5C8D6308F3EB /* HTMLNode.swift */ = {isa = PBXFileReference; lastKnownFileType = sourcecode.swift; path = HTMLNode.swift; sourceTree = "<group>"; };
		35637A8A5455B850AFAD6646 /* ParserTests.swift */ = {isa = PBXFileReference; lastKnownFileType = sourcecode.swift; path = ParserTests.swift; sourceTree = "<group>"; };
		426CCD3AEC703E933E581DC4 /* DefaultAppBanner.swift */ = {isa = PBXFileReference; lastKnownFileType = sourcecode.swift; path = DefaultAppBanner.swift; sourceTree = "<group>"; };
		5E99B8BE4555490DE57727B2 /* SyntaxHighlighter.swift */ = {isa = PBXFileReference; lastKnownFileType = sourcecode.swift; path = SyntaxHighlighter.swift; sourceTree = "<group>"; };
		630B0BEED907D2B014DEEC15 /* PreviewViewController.swift */ = {isa = PBXFileReference; lastKnownFileType = sourcecode.swift; path = PreviewViewController.swift; sourceTree = "<group>"; };
		6600E0707AE37B2CEDF08A42 /* ThemePickerButton.swift */ = {isa = PBXFileReference; lastKnownFileType = sourcecode.swift; path = ThemePickerButton.swift; sourceTree = "<group>"; };
		6A390528BCAB052347C3E767 /* InlineFlattener.swift */ = {isa = PBXFileReference; lastKnownFileType = sourcecode.swift; path = InlineFlattener.swift; sourceTree = "<group>"; };
		6AB38B59C317107A1596C271 /* ReadmeLensTests.xctest */ = {isa = PBXFileReference; explicitFileType = wrapper.cfbundle; includeInIndex = 0; path = ReadmeLensTests.xctest; sourceTree = BUILT_PRODUCTS_DIR; };
		6B902ACF41B13280DB6023D6 /* Theme.swift */ = {isa = PBXFileReference; lastKnownFileType = sourcecode.swift; path = Theme.swift; sourceTree = "<group>"; };
		6D460D7AEFCC6608A821FB57 /* ReadmeLens.app */ = {isa = PBXFileReference; explicitFileType = wrapper.application; includeInIndex = 0; path = ReadmeLens.app; sourceTree = BUILT_PRODUCTS_DIR; };
		710730D0833F7BE1B4AC8E15 /* Welcome.md */ = {isa = PBXFileReference; lastKnownFileType = net.daringfireball.markdown; path = Welcome.md; sourceTree = "<group>"; };
		7A616E6F7F632F8450A89E59 /* ReadmeLensQuickLook.appex */ = {isa = PBXFileReference; explicitFileType = "wrapper.app-extension"; includeInIndex = 0; path = ReadmeLensQuickLook.appex; sourceTree = BUILT_PRODUCTS_DIR; };
		8396B417ED8EE9D4C067F0B9 /* DefaultAppCoordinator.swift */ = {isa = PBXFileReference; lastKnownFileType = sourcecode.swift; path = DefaultAppCoordinator.swift; sourceTree = "<group>"; };
		86644D315C3640380D70D737 /* SearchBar.swift */ = {isa = PBXFileReference; lastKnownFileType = sourcecode.swift; path = SearchBar.swift; sourceTree = "<group>"; };
		905CC632DC6C8BE56B18FE1C /* ContentView.swift */ = {isa = PBXFileReference; lastKnownFileType = sourcecode.swift; path = ContentView.swift; sourceTree = "<group>"; };
		91F73CE5C3D1AC1D1CF290E6 /* DocumentImage.swift */ = {isa = PBXFileReference; lastKnownFileType = sourcecode.swift; path = DocumentImage.swift; sourceTree = "<group>"; };
		935E18BE23449FE2B7667A17 /* ReadmeLensApp.swift */ = {isa = PBXFileReference; lastKnownFileType = sourcecode.swift; path = ReadmeLensApp.swift; sourceTree = "<group>"; };
		9E5CD739050A07BA13ECEF79 /* CodeBlockView.swift */ = {isa = PBXFileReference; lastKnownFileType = sourcecode.swift; path = CodeBlockView.swift; sourceTree = "<group>"; };
		9EBA1ACD234F8612651606AD /* BlockView.swift */ = {isa = PBXFileReference; lastKnownFileType = sourcecode.swift; path = BlockView.swift; sourceTree = "<group>"; };
		A6B108BC038F7A9CCB295DD7 /* OutlineSidebar.swift */ = {isa = PBXFileReference; lastKnownFileType = sourcecode.swift; path = OutlineSidebar.swift; sourceTree = "<group>"; };
		AFE23720B2152D78F35D3858 /* ThemeFileTests.swift */ = {isa = PBXFileReference; lastKnownFileType = sourcecode.swift; path = ThemeFileTests.swift; sourceTree = "<group>"; };
		B0521C09D905085B18135CBC /* LanguageGrammar.swift */ = {isa = PBXFileReference; lastKnownFileType = sourcecode.swift; path = LanguageGrammar.swift; sourceTree = "<group>"; };
		B20E3CCB9DABE8A64DE38911 /* DocumentPrinter.swift */ = {isa = PBXFileReference; lastKnownFileType = sourcecode.swift; path = DocumentPrinter.swift; sourceTree = "<group>"; };
		B293CB144DA7EFA878596450 /* OutlineAndSearchTests.swift */ = {isa = PBXFileReference; lastKnownFileType = sourcecode.swift; path = OutlineAndSearchTests.swift; sourceTree = "<group>"; };
		B43A7E2538BEBCFDFADB3851 /* HTMLIntegrationTests.swift */ = {isa = PBXFileReference; lastKnownFileType = sourcecode.swift; path = HTMLIntegrationTests.swift; sourceTree = "<group>"; };
		BA92C56E5FEA190EEB211519 /* SettingsView.swift */ = {isa = PBXFileReference; lastKnownFileType = sourcecode.swift; path = SettingsView.swift; sourceTree = "<group>"; };
		C05AB63C2D4F75441DF4A423 /* SearchModel.swift */ = {isa = PBXFileReference; lastKnownFileType = sourcecode.swift; path = SearchModel.swift; sourceTree = "<group>"; };
		C08E2DE2AD6A60B2ADDF9A1D /* HTMLNodesView.swift */ = {isa = PBXFileReference; lastKnownFileType = sourcecode.swift; path = HTMLNodesView.swift; sourceTree = "<group>"; };
		C84C34635C525C5CA9011962 /* RenderBlock.swift */ = {isa = PBXFileReference; lastKnownFileType = sourcecode.swift; path = RenderBlock.swift; sourceTree = "<group>"; };
		CA1F72163E6BF04AC25C6476 /* HTMLInlineRun.swift */ = {isa = PBXFileReference; lastKnownFileType = sourcecode.swift; path = HTMLInlineRun.swift; sourceTree = "<group>"; };
		CA75DC9821DC17DC748F1AD4 /* FlowLayout.swift */ = {isa = PBXFileReference; lastKnownFileType = sourcecode.swift; path = FlowLayout.swift; sourceTree = "<group>"; };
		CDB92B3C48041572F10129D0 /* ThemeStore.swift */ = {isa = PBXFileReference; lastKnownFileType = sourcecode.swift; path = ThemeStore.swift; sourceTree = "<group>"; };
		D1AA870915B2D09D408042A0 /* HighlightSplitter.swift */ = {isa = PBXFileReference; lastKnownFileType = sourcecode.swift; path = HighlightSplitter.swift; sourceTree = "<group>"; };
		D2602A4E4552968859CDA54B /* ThemeTests.swift */ = {isa = PBXFileReference; lastKnownFileType = sourcecode.swift; path = ThemeTests.swift; sourceTree = "<group>"; };
		D2F07D250039DB2734A8B138 /* HTMLParser.swift */ = {isa = PBXFileReference; lastKnownFileType = sourcecode.swift; path = HTMLParser.swift; sourceTree = "<group>"; };
		D79369082BDA9E8F3BAC17BA /* Typography.swift */ = {isa = PBXFileReference; lastKnownFileType = sourcecode.swift; path = Typography.swift; sourceTree = "<group>"; };
		DAD611EDABF5EE906C9DA99D /* Assets.xcassets */ = {isa = PBXFileReference; lastKnownFileType = folder.assetcatalog; path = Assets.xcassets; sourceTree = "<group>"; };
		DC66BD8DA7A8AFF42D5F4384 /* MarkdownTableView.swift */ = {isa = PBXFileReference; lastKnownFileType = sourcecode.swift; path = MarkdownTableView.swift; sourceTree = "<group>"; };
		E02FE627EDBD3FE6F6D7F4EA /* FileWatcherTests.swift */ = {isa = PBXFileReference; lastKnownFileType = sourcecode.swift; path = FileWatcherTests.swift; sourceTree = "<group>"; };
		ED5C4E0A52086E5F3217FC88 /* HTMLParserTests.swift */ = {isa = PBXFileReference; lastKnownFileType = sourcecode.swift; path = HTMLParserTests.swift; sourceTree = "<group>"; };
		F1833AF6D15F24862CC232A5 /* NavigationTests.swift */ = {isa = PBXFileReference; lastKnownFileType = sourcecode.swift; path = NavigationTests.swift; sourceTree = "<group>"; };
		F2385B789D786D47CD2EBA0C /* BlockFlattener.swift */ = {isa = PBXFileReference; lastKnownFileType = sourcecode.swift; path = BlockFlattener.swift; sourceTree = "<group>"; };
		FB0990F4A6D4885F470B5816 /* InlineText.swift */ = {isa = PBXFileReference; lastKnownFileType = sourcecode.swift; path = InlineText.swift; sourceTree = "<group>"; };
		FE57AD10235982F9913AEF61 /* Outline.swift */ = {isa = PBXFileReference; lastKnownFileType = sourcecode.swift; path = Outline.swift; sourceTree = "<group>"; };
		FFB18548061A559F5AA0367A /* AppSettings.swift */ = {isa = PBXFileReference; lastKnownFileType = sourcecode.swift; path = AppSettings.swift; sourceTree = "<group>"; };
/* End PBXFileReference section */

/* Begin PBXFrameworksBuildPhase section */
		0EE2901E12E308A14D364371 /* Frameworks */ = {
			isa = PBXFrameworksBuildPhase;
			buildActionMask = 2147483647;
			files = (
				D77B26DF50C975C86EE35538 /* Markdown in Frameworks */,
			);
			runOnlyForDeploymentPostprocessing = 0;
		};
		3B3A44A5255B812AD50E89A3 /* Frameworks */ = {
			isa = PBXFrameworksBuildPhase;
			buildActionMask = 2147483647;
			files = (
				7FC76926B7A706A16622214D /* Markdown in Frameworks */,
			);
			runOnlyForDeploymentPostprocessing = 0;
		};
		4F6969322D2F7F07A6BAEE9A /* Frameworks */ = {
			isa = PBXFrameworksBuildPhase;
			buildActionMask = 2147483647;
			files = (
				F61DA241B720E0151E639D77 /* Markdown in Frameworks */,
			);
			runOnlyForDeploymentPostprocessing = 0;
		};
/* End PBXFrameworksBuildPhase section */

/* Begin PBXGroup section */
		0F503EA8C835F1D14D58368D /* Tests */ = {
			isa = PBXGroup;
			children = (
				25D6D12A8429BFEC0D500506 /* DocumentPrinterTests.swift */,
				E02FE627EDBD3FE6F6D7F4EA /* FileWatcherTests.swift */,
				B43A7E2538BEBCFDFADB3851 /* HTMLIntegrationTests.swift */,
				ED5C4E0A52086E5F3217FC88 /* HTMLParserTests.swift */,
				F1833AF6D15F24862CC232A5 /* NavigationTests.swift */,
				B293CB144DA7EFA878596450 /* OutlineAndSearchTests.swift */,
				35637A8A5455B850AFAD6646 /* ParserTests.swift */,
				1E8436DBE8F09535F21BFFFE /* SyntaxHighlighterTests.swift */,
				AFE23720B2152D78F35D3858 /* ThemeFileTests.swift */,
				D2602A4E4552968859CDA54B /* ThemeTests.swift */,
			);
			path = Tests;
			sourceTree = "<group>";
		};
		66DF5754D5A71C5E03FFB5A4 /* Parser */ = {
			isa = PBXGroup;
			children = (
				F2385B789D786D47CD2EBA0C /* BlockFlattener.swift */,
				6A390528BCAB052347C3E767 /* InlineFlattener.swift */,
			);
			path = Parser;
			sourceTree = "<group>";
		};
		6F2AEE146BD278B1667476B8 /* Syntax */ = {
			isa = PBXGroup;
			children = (
				B0521C09D905085B18135CBC /* LanguageGrammar.swift */,
				5E99B8BE4555490DE57727B2 /* SyntaxHighlighter.swift */,
			);
			path = Syntax;
			sourceTree = "<group>";
		};
		762353362186F6D0C1EA558E /* Blocks */ = {
			isa = PBXGroup;
			children = (
				9EBA1ACD234F8612651606AD /* BlockView.swift */,
				9E5CD739050A07BA13ECEF79 /* CodeBlockView.swift */,
				91F73CE5C3D1AC1D1CF290E6 /* DocumentImage.swift */,
				CA1F72163E6BF04AC25C6476 /* HTMLInlineRun.swift */,
				C08E2DE2AD6A60B2ADDF9A1D /* HTMLNodesView.swift */,
				DC66BD8DA7A8AFF42D5F4384 /* MarkdownTableView.swift */,
			);
			path = Blocks;
			sourceTree = "<group>";
		};
		78CC108DF4C55E34FBC7674C /* Views */ = {
			isa = PBXGroup;
			children = (
				762353362186F6D0C1EA558E /* Blocks */,
				905CC632DC6C8BE56B18FE1C /* ContentView.swift */,
				426CCD3AEC703E933E581DC4 /* DefaultAppBanner.swift */,
				CA75DC9821DC17DC748F1AD4 /* FlowLayout.swift */,
				D1AA870915B2D09D408042A0 /* HighlightSplitter.swift */,
				A6B108BC038F7A9CCB295DD7 /* OutlineSidebar.swift */,
				86644D315C3640380D70D737 /* SearchBar.swift */,
				BA92C56E5FEA190EEB211519 /* SettingsView.swift */,
				21E98A6295B231E05C5E160F /* StyledText.swift */,
				6600E0707AE37B2CEDF08A42 /* ThemePickerButton.swift */,
			);
			path = Views;
			sourceTree = "<group>";
		};
		8493A98BCCF3B8495E841532 /* App */ = {
			isa = PBXGroup;
			children = (
				272F12ADEC84882D136F3F89 /* AppDelegate.swift */,
				FFB18548061A559F5AA0367A /* AppSettings.swift */,
				8396B417ED8EE9D4C067F0B9 /* DefaultAppCoordinator.swift */,
				18EF9EBC424858374A46CDE1 /* DocumentModel.swift */,
				B20E3CCB9DABE8A64DE38911 /* DocumentPrinter.swift */,
				264BFD166449A5A529A853A7 /* FileWatcher.swift */,
				10672609D88CF0FA95FDB640 /* FolderAccessStore.swift */,
				935E18BE23449FE2B7667A17 /* ReadmeLensApp.swift */,
				C05AB63C2D4F75441DF4A423 /* SearchModel.swift */,
				CDB92B3C48041572F10129D0 /* ThemeStore.swift */,
			);
			path = App;
			sourceTree = "<group>";
		};
		8C91201F03949093AF8F2866 /* Themes */ = {
			isa = PBXGroup;
			children = (
				2323B7C4F76AC05FBF874635 /* BuiltinThemes.swift */,
			);
			path = Themes;
			sourceTree = "<group>";
		};
		8EB12652D4508388588397F4 /* Resources */ = {
			isa = PBXGroup;
			children = (
				DAD611EDABF5EE906C9DA99D /* Assets.xcassets */,
				710730D0833F7BE1B4AC8E15 /* Welcome.md */,
			);
			path = Resources;
			sourceTree = "<group>";
		};
		9BCA5AC686EE820CE92D4D1C /* Model */ = {
			isa = PBXGroup;
			children = (
				FB0990F4A6D4885F470B5816 /* InlineText.swift */,
				FE57AD10235982F9913AEF61 /* Outline.swift */,
				C84C34635C525C5CA9011962 /* RenderBlock.swift */,
			);
			path = Model;
			sourceTree = "<group>";
		};
		C465C1279AA8034371190FA3 /* QuickLook */ = {
			isa = PBXGroup;
			children = (
				630B0BEED907D2B014DEEC15 /* PreviewViewController.swift */,
			);
			path = QuickLook;
			sourceTree = "<group>";
		};
		C65E4DAEA98783524FD4006A /* HTML */ = {
			isa = PBXGroup;
			children = (
				27A71131794E5C8D6308F3EB /* HTMLNode.swift */,
				D2F07D250039DB2734A8B138 /* HTMLParser.swift */,
			);
			path = HTML;
			sourceTree = "<group>";
		};
		E0C88226E8AA1826365B6D37 /* Sources */ = {
			isa = PBXGroup;
			children = (
				8493A98BCCF3B8495E841532 /* App */,
				C65E4DAEA98783524FD4006A /* HTML */,
				9BCA5AC686EE820CE92D4D1C /* Model */,
				66DF5754D5A71C5E03FFB5A4 /* Parser */,
				C465C1279AA8034371190FA3 /* QuickLook */,
				6F2AEE146BD278B1667476B8 /* Syntax */,
				F1C07B3166BF526AADDD66AE /* Theme */,
				78CC108DF4C55E34FBC7674C /* Views */,
			);
			path = Sources;
			sourceTree = "<group>";
		};
		F1C07B3166BF526AADDD66AE /* Theme */ = {
			isa = PBXGroup;
			children = (
				8C91201F03949093AF8F2866 /* Themes */,
				20F2EDDBAEEB7517F913CB22 /* CustomThemeStore.swift */,
				6B902ACF41B13280DB6023D6 /* Theme.swift */,
				1DC04A8309602D0E5A6E2E36 /* ThemeFile.swift */,
				D79369082BDA9E8F3BAC17BA /* Typography.swift */,
			);
			path = Theme;
			sourceTree = "<group>";
		};
		F4C01FB25B2E2DF1D8086FB0 = {
			isa = PBXGroup;
			children = (
				8EB12652D4508388588397F4 /* Resources */,
				E0C88226E8AA1826365B6D37 /* Sources */,
				0F503EA8C835F1D14D58368D /* Tests */,
				FD90858CA505CC02B3224A9C /* Products */,
			);
			sourceTree = "<group>";
		};
		FD90858CA505CC02B3224A9C /* Products */ = {
			isa = PBXGroup;
			children = (
				6D460D7AEFCC6608A821FB57 /* ReadmeLens.app */,
				7A616E6F7F632F8450A89E59 /* ReadmeLensQuickLook.appex */,
				6AB38B59C317107A1596C271 /* ReadmeLensTests.xctest */,
			);
			name = Products;
			sourceTree = "<group>";
		};
/* End PBXGroup section */

/* Begin PBXNativeTarget section */
		38CE484D61C8221E606BC8F0 /* ReadmeLensQuickLook */ = {
			isa = PBXNativeTarget;
			buildConfigurationList = A5F7DEA327548A76B35E6245 /* Build configuration list for PBXNativeTarget "ReadmeLensQuickLook" */;
			buildPhases = (
				EF972A3C1F9872A11DE11DC1 /* Sources */,
				4F6969322D2F7F07A6BAEE9A /* Frameworks */,
			);
			buildRules = (
			);
			dependencies = (
			);
			name = ReadmeLensQuickLook;
			packageProductDependencies = (
				8E5B251287594F93AEA4334F /* Markdown */,
			);
			productName = ReadmeLensQuickLook;
			productReference = 7A616E6F7F632F8450A89E59 /* ReadmeLensQuickLook.appex */;
			productType = "com.apple.product-type.app-extension";
		};
		ADAB860DFD4E0868DDBC4135 /* ReadmeLens */ = {
			isa = PBXNativeTarget;
			buildConfigurationList = 6F673FFD6B9B1FE803F0FB84 /* Build configuration list for PBXNativeTarget "ReadmeLens" */;
			buildPhases = (
				53F684047FFAFA69641EF2ED /* Sources */,
				31604A958CD882BC7873B5D8 /* Resources */,
				3B3A44A5255B812AD50E89A3 /* Frameworks */,
				741C9261B8E41449838FD6CB /* Embed Foundation Extensions */,
			);
			buildRules = (
			);
			dependencies = (
				CB03B10FBA29D06C16264C84 /* PBXTargetDependency */,
			);
			name = ReadmeLens;
			packageProductDependencies = (
				3476431F263C63EF441CF804 /* Markdown */,
			);
			productName = ReadmeLens;
			productReference = 6D460D7AEFCC6608A821FB57 /* ReadmeLens.app */;
			productType = "com.apple.product-type.application";
		};
		C57E25DE7EA75EE7427CB14A /* ReadmeLensTests */ = {
			isa = PBXNativeTarget;
			buildConfigurationList = AFF56DA2A4C5C9F7A9610241 /* Build configuration list for PBXNativeTarget "ReadmeLensTests" */;
			buildPhases = (
				D8D84FA27C2A748255AB372F /* Sources */,
				0EE2901E12E308A14D364371 /* Frameworks */,
			);
			buildRules = (
			);
			dependencies = (
				3A2CA2B440F291DB14013810 /* PBXTargetDependency */,
			);
			name = ReadmeLensTests;
			packageProductDependencies = (
				689967CA8C6A41D69EAC1BB8 /* Markdown */,
			);
			productName = ReadmeLensTests;
			productReference = 6AB38B59C317107A1596C271 /* ReadmeLensTests.xctest */;
			productType = "com.apple.product-type.bundle.unit-test";
		};
/* End PBXNativeTarget section */

/* Begin PBXProject section */
		D515A1B3C1CE160D131C1DE5 /* Project object */ = {
			isa = PBXProject;
			attributes = {
				BuildIndependentTargetsInParallel = YES;
				LastUpgradeCheck = 1430;
				TargetAttributes = {
					38CE484D61C8221E606BC8F0 = {
						ProvisioningStyle = Automatic;
					};
					ADAB860DFD4E0868DDBC4135 = {
						ProvisioningStyle = Automatic;
					};
					C57E25DE7EA75EE7427CB14A = {
						ProvisioningStyle = Automatic;
					};
				};
			};
			buildConfigurationList = EEA1CCD47DB5A25FF29201C2 /* Build configuration list for PBXProject "ReadmeLens" */;
			developmentRegion = en;
			hasScannedForEncodings = 0;
			knownRegions = (
				Base,
				en,
			);
			mainGroup = F4C01FB25B2E2DF1D8086FB0;
			minimizedProjectReferenceProxies = 1;
			packageReferences = (
				93FAFCF1C2D42EF5AFF79F7B /* XCRemoteSwiftPackageReference "swift-markdown" */,
			);
			preferredProjectObjectVersion = 77;
			productRefGroup = FD90858CA505CC02B3224A9C /* Products */;
			projectDirPath = "";
			projectRoot = "";
			targets = (
				ADAB860DFD4E0868DDBC4135 /* ReadmeLens */,
				38CE484D61C8221E606BC8F0 /* ReadmeLensQuickLook */,
				C57E25DE7EA75EE7427CB14A /* ReadmeLensTests */,
			);
		};
/* End PBXProject section */

/* Begin PBXResourcesBuildPhase section */
		31604A958CD882BC7873B5D8 /* Resources */ = {
			isa = PBXResourcesBuildPhase;
			buildActionMask = 2147483647;
			files = (
				8E97755B398338D446FC4120 /* Assets.xcassets in Resources */,
				03B3980D87AB62AEDFA8CCAC /* Welcome.md in Resources */,
			);
			runOnlyForDeploymentPostprocessing = 0;
		};
/* End PBXResourcesBuildPhase section */

/* Begin PBXSourcesBuildPhase section */
		53F684047FFAFA69641EF2ED /* Sources */ = {
			isa = PBXSourcesBuildPhase;
			buildActionMask = 2147483647;
			files = (
				F697811A1FBA7542B1B14E61 /* AppDelegate.swift in Sources */,
				527244276AD46935D85196AA /* AppSettings.swift in Sources */,
				E44C7A9103B281C230D22EBE /* BlockFlattener.swift in Sources */,
				C7B91126D3A57EF72144B3F7 /* BlockView.swift in Sources */,
				DE76FDC935CC7EE53DEB105D /* BuiltinThemes.swift in Sources */,
				2374D37B4441D6A54F40E857 /* CodeBlockView.swift in Sources */,
				B8DEA90491C5EA7BA7EF055F /* ContentView.swift in Sources */,
				A9F89893EBEE10A824E18D8F /* CustomThemeStore.swift in Sources */,
				252241B3B3E651479E7430FD /* DefaultAppBanner.swift in Sources */,
				4B16ACBED188B3BFFA441C71 /* DefaultAppCoordinator.swift in Sources */,
				A0C03E011B89B5A09E11C7E3 /* DocumentImage.swift in Sources */,
				5A6293ADAE51FDEC5D67714F /* DocumentModel.swift in Sources */,
				C0680621D400E7C987607804 /* DocumentPrinter.swift in Sources */,
				AC5960778B8796D07A00D0DA /* FileWatcher.swift in Sources */,
				FED2BBDEA845BCAA4E4E5D48 /* FlowLayout.swift in Sources */,
				14F3DEE5F2EE0D9DB2107A9F /* FolderAccessStore.swift in Sources */,
				7C17592F304456A54B5FEE41 /* HTMLInlineRun.swift in Sources */,
				4A45EC23E2F832BA12A448F6 /* HTMLNode.swift in Sources */,
				026812182E535B80325DD619 /* HTMLNodesView.swift in Sources */,
				231DC0EA113906C8D98BBADD /* HTMLParser.swift in Sources */,
				27E827C618FB3EBF93EB7F32 /* HighlightSplitter.swift in Sources */,
				42BD63FCAD02D7FC1EF70ADA /* InlineFlattener.swift in Sources */,
				ECB72840C79B99133254BFD6 /* InlineText.swift in Sources */,
				6312B82B2136EDA6291C1CD0 /* LanguageGrammar.swift in Sources */,
				EA208DB067402908918910C0 /* MarkdownTableView.swift in Sources */,
				CF9AB58A290563FB970B7189 /* Outline.swift in Sources */,
				CBF5F122793312ADAB63FA6C /* OutlineSidebar.swift in Sources */,
				865575C628CFB4364B7C7AD3 /* ReadmeLensApp.swift in Sources */,
				C9D2D8839455438B344DFEB1 /* RenderBlock.swift in Sources */,
				6E72A94D95406D0478F5FCBF /* SearchBar.swift in Sources */,
				E3744607BDE44B9F2B9743D2 /* SearchModel.swift in Sources */,
				0CD90092797A8FD04895C35A /* SettingsView.swift in Sources */,
				F25AE98E22242E57A12DD853 /* StyledText.swift in Sources */,
				66A707F666A1FAB54E902312 /* SyntaxHighlighter.swift in Sources */,
				379516EE3353CE51FA01AD9E /* Theme.swift in Sources */,
				B0852C2642CB3C885766CEC8 /* ThemeFile.swift in Sources */,
				35EE68651D1364E552D7F5C2 /* ThemePickerButton.swift in Sources */,
				4224F32A1DACFF95005FDFEF /* ThemeStore.swift in Sources */,
				0A78065229C6A473AEE96465 /* Typography.swift in Sources */,
			);
			runOnlyForDeploymentPostprocessing = 0;
		};
		D8D84FA27C2A748255AB372F /* Sources */ = {
			isa = PBXSourcesBuildPhase;
			buildActionMask = 2147483647;
			files = (
				D38BE948DE98C88A5EE17473 /* DocumentPrinterTests.swift in Sources */,
				55B5324188ECB56506F07E7F /* FileWatcherTests.swift in Sources */,
				D7903A3D7EBACB1F90EE595B /* HTMLIntegrationTests.swift in Sources */,
				6C080D43C8FC01AAA7631170 /* HTMLParserTests.swift in Sources */,
				584BFC5F197ED2BE907AFA18 /* NavigationTests.swift in Sources */,
				564162A5D6C004A8CF2B781C /* OutlineAndSearchTests.swift in Sources */,
				39399A96B0AA7F095DC6186E /* ParserTests.swift in Sources */,
				3A38D5015978C8F98A211A25 /* SyntaxHighlighterTests.swift in Sources */,
				A52E186892FE88F05CC07597 /* ThemeFileTests.swift in Sources */,
				BCEE4CA55D1A7C82C8622864 /* ThemeTests.swift in Sources */,
			);
			runOnlyForDeploymentPostprocessing = 0;
		};
		EF972A3C1F9872A11DE11DC1 /* Sources */ = {
			isa = PBXSourcesBuildPhase;
			buildActionMask = 2147483647;
			files = (
				02EEAE22F089018B5D799C09 /* AppDelegate.swift in Sources */,
				7FC57C4867CDFAADB81FBCCB /* AppSettings.swift in Sources */,
				4887475540EA5E6AC44ECC36 /* BlockFlattener.swift in Sources */,
				14A2B2A0FED711790417E5A5 /* BlockView.swift in Sources */,
				48A686A13321B9B7F3DD07B8 /* BuiltinThemes.swift in Sources */,
				0720D9CC9E1DDD8344503B0E /* CodeBlockView.swift in Sources */,
				1DAB169221180CBC24C04D8E /* ContentView.swift in Sources */,
				88B7098DBD5DC44912008B73 /* CustomThemeStore.swift in Sources */,
				A228D5D80F795B8428922323 /* DefaultAppBanner.swift in Sources */,
				361967A14B363BC1A3541B10 /* DefaultAppCoordinator.swift in Sources */,
				977490F83C486A70E2EF27EB /* DocumentImage.swift in Sources */,
				1C4D6AF51425D22F0470B242 /* DocumentModel.swift in Sources */,
				4E0E6BDBEFBA8374B9F689AD /* DocumentPrinter.swift in Sources */,
				DEF56EDDA0BA39293E92239B /* FileWatcher.swift in Sources */,
				14BA5FC539250D614E8A26FC /* FlowLayout.swift in Sources */,
				7A142FAF3AAD91CE60F008DA /* FolderAccessStore.swift in Sources */,
				B2EDA768F9E781D495352CDD /* HTMLInlineRun.swift in Sources */,
				5F5F432C7DC555D21FD6210F /* HTMLNode.swift in Sources */,
				9413240A7C70ECCED2A3CEE6 /* HTMLNodesView.swift in Sources */,
				68DF1F6E2CACFC0B1CA4C953 /* HTMLParser.swift in Sources */,
				956892F0D7EC7C739F829317 /* HighlightSplitter.swift in Sources */,
				707F10C8498FFD4AEA62B9C4 /* InlineFlattener.swift in Sources */,
				56FAA516691391772F355D1F /* InlineText.swift in Sources */,
				79C7B2BB3CE0514D536EB05E /* LanguageGrammar.swift in Sources */,
				76DE860864412EF6666BB2C1 /* MarkdownTableView.swift in Sources */,
				261F7796E474C12CFBE6D94E /* Outline.swift in Sources */,
				CACA681EE28E8F14EDD2ECAC /* OutlineSidebar.swift in Sources */,
				83A577043810BEE60FA90A78 /* PreviewViewController.swift in Sources */,
				08784E6179831696BABF401D /* RenderBlock.swift in Sources */,
				EFA58D95CF0EB808A3C9D901 /* SearchBar.swift in Sources */,
				D8A466A9E84285D7F2FF7659 /* SearchModel.swift in Sources */,
				CE27E5DD1AD2C5823C84E4B0 /* SettingsView.swift in Sources */,
				BFB60ADF964CFE5A76E78ED1 /* StyledText.swift in Sources */,
				39E7C8A8DB2444B95B282A43 /* SyntaxHighlighter.swift in Sources */,
				FA1F42CF44DF6666AABCC280 /* Theme.swift in Sources */,
				F88331A4EFD7F6582C0A9BEE /* ThemeFile.swift in Sources */,
				A90C4D9ECB2F49E4D4524846 /* ThemePickerButton.swift in Sources */,
				A4495B9E157A59C574F4840E /* ThemeStore.swift in Sources */,
				AD40D23B57BA57FDB2ACA0BC /* Typography.swift in Sources */,
			);
			runOnlyForDeploymentPostprocessing = 0;
		};
/* End PBXSourcesBuildPhase section */

/* Begin PBXTargetDependency section */
		3A2CA2B440F291DB14013810 /* PBXTargetDependency */ = {
			isa = PBXTargetDependency;
			target = ADAB860DFD4E0868DDBC4135 /* ReadmeLens */;
			targetProxy = 099B25A96E4E6E85342B5EA6 /* PBXContainerItemProxy */;
		};
		CB03B10FBA29D06C16264C84 /* PBXTargetDependency */ = {
			isa = PBXTargetDependency;
			target = 38CE484D61C8221E606BC8F0 /* ReadmeLensQuickLook */;
			targetProxy = BF0DFA67F51D2D44A319C6EA /* PBXContainerItemProxy */;
		};
/* End PBXTargetDependency section */

/* Begin XCBuildConfiguration section */
		117EA9C8D75DDF7B5A68341C /* Release */ = {
			isa = XCBuildConfiguration;
			buildSettings = {
				ASSETCATALOG_COMPILER_APPICON_NAME = AppIcon;
				CODE_SIGN_ENTITLEMENTS = Resources/ReadmeLens.entitlements;
				COMBINE_HIDPI_IMAGES = YES;
				ENABLE_APP_SANDBOX = YES;
				INFOPLIST_FILE = Resources/Info.plist;
				LD_RUNPATH_SEARCH_PATHS = (
					"$(inherited)",
					"@executable_path/../Frameworks",
				);
				PRODUCT_BUNDLE_IDENTIFIER = io.dhruvex.readmelens;
				PRODUCT_NAME = ReadmeLens;
				SDKROOT = macosx;
			};
			name = Release;
		};
		18D72DBDD66783630EA8E75E /* Release */ = {
			isa = XCBuildConfiguration;
			buildSettings = {
				ALWAYS_SEARCH_USER_PATHS = NO;
				ARCHS = "$(ARCHS_STANDARD)";
				CLANG_ANALYZER_NONNULL = YES;
				CLANG_ANALYZER_NUMBER_OBJECT_CONVERSION = YES_AGGRESSIVE;
				CLANG_CXX_LANGUAGE_STANDARD = "gnu++14";
				CLANG_CXX_LIBRARY = "libc++";
				CLANG_ENABLE_MODULES = YES;
				CLANG_ENABLE_OBJC_ARC = YES;
				CLANG_ENABLE_OBJC_WEAK = YES;
				CLANG_WARN_BLOCK_CAPTURE_AUTORELEASING = YES;
				CLANG_WARN_BOOL_CONVERSION = YES;
				CLANG_WARN_COMMA = YES;
				CLANG_WARN_CONSTANT_CONVERSION = YES;
				CLANG_WARN_DEPRECATED_OBJC_IMPLEMENTATIONS = YES;
				CLANG_WARN_DIRECT_OBJC_ISA_USAGE = YES_ERROR;
				CLANG_WARN_DOCUMENTATION_COMMENTS = YES;
				CLANG_WARN_EMPTY_BODY = YES;
				CLANG_WARN_ENUM_CONVERSION = YES;
				CLANG_WARN_INFINITE_RECURSION = YES;
				CLANG_WARN_INT_CONVERSION = YES;
				CLANG_WARN_NON_LITERAL_NULL_CONVERSION = YES;
				CLANG_WARN_OBJC_IMPLICIT_RETAIN_SELF = YES;
				CLANG_WARN_OBJC_LITERAL_CONVERSION = YES;
				CLANG_WARN_OBJC_ROOT_CLASS = YES_ERROR;
				CLANG_WARN_QUOTED_INCLUDE_IN_FRAMEWORK_HEADER = YES;
				CLANG_WARN_RANGE_LOOP_ANALYSIS = YES;
				CLANG_WARN_STRICT_PROTOTYPES = YES;
				CLANG_WARN_SUSPICIOUS_MOVE = YES;
				CLANG_WARN_UNGUARDED_AVAILABILITY = YES_AGGRESSIVE;
				CLANG_WARN_UNREACHABLE_CODE = YES;
				CLANG_WARN__DUPLICATE_METHOD_MATCH = YES;
				CODE_SIGN_IDENTITY = "-";
				CODE_SIGN_STYLE = Automatic;
				COPY_PHASE_STRIP = NO;
				CURRENT_PROJECT_VERSION = 1;
				DEAD_CODE_STRIPPING = YES;
				DEBUG_INFORMATION_FORMAT = "dwarf-with-dsym";
				ENABLE_HARDENED_RUNTIME = YES;
				ENABLE_NS_ASSERTIONS = NO;
				ENABLE_STRICT_OBJC_MSGSEND = YES;
				GCC_C_LANGUAGE_STANDARD = gnu11;
				GCC_NO_COMMON_BLOCKS = YES;
				GCC_WARN_64_TO_32_BIT_CONVERSION = YES;
				GCC_WARN_ABOUT_RETURN_TYPE = YES_ERROR;
				GCC_WARN_UNDECLARED_SELECTOR = YES;
				GCC_WARN_UNINITIALIZED_AUTOS = YES_AGGRESSIVE;
				GCC_WARN_UNUSED_FUNCTION = YES;
				GCC_WARN_UNUSED_VARIABLE = YES;
				MACOSX_DEPLOYMENT_TARGET = 14.0;
				MARKETING_VERSION = 0.1.0;
				MTL_ENABLE_DEBUG_INFO = NO;
				MTL_FAST_MATH = YES;
				PRODUCT_NAME = "$(TARGET_NAME)";
				SDKROOT = macosx;
				SWIFT_COMPILATION_MODE = wholemodule;
				SWIFT_OPTIMIZATION_LEVEL = "-O";
				SWIFT_STRICT_CONCURRENCY = minimal;
				SWIFT_VERSION = 5.0;
			};
			name = Release;
		};
		3168B2BED8019D5E379D70E3 /* Debug */ = {
			isa = XCBuildConfiguration;
			buildSettings = {
				ASSETCATALOG_COMPILER_APPICON_NAME = AppIcon;
				CODE_SIGN_ENTITLEMENTS = Resources/ReadmeLens.entitlements;
				COMBINE_HIDPI_IMAGES = YES;
				ENABLE_APP_SANDBOX = YES;
				INFOPLIST_FILE = Resources/Info.plist;
				LD_RUNPATH_SEARCH_PATHS = (
					"$(inherited)",
					"@executable_path/../Frameworks",
				);
				PRODUCT_BUNDLE_IDENTIFIER = io.dhruvex.readmelens;
				PRODUCT_NAME = ReadmeLens;
				SDKROOT = macosx;
			};
			name = Debug;
		};
		75FD3B3E47A7B5A0CE6C8C61 /* Debug */ = {
			isa = XCBuildConfiguration;
			buildSettings = {
				ALWAYS_SEARCH_USER_PATHS = NO;
				ARCHS = "$(ARCHS_STANDARD)";
				CLANG_ANALYZER_NONNULL = YES;
				CLANG_ANALYZER_NUMBER_OBJECT_CONVERSION = YES_AGGRESSIVE;
				CLANG_CXX_LANGUAGE_STANDARD = "gnu++14";
				CLANG_CXX_LIBRARY = "libc++";
				CLANG_ENABLE_MODULES = YES;
				CLANG_ENABLE_OBJC_ARC = YES;
				CLANG_ENABLE_OBJC_WEAK = YES;
				CLANG_WARN_BLOCK_CAPTURE_AUTORELEASING = YES;
				CLANG_WARN_BOOL_CONVERSION = YES;
				CLANG_WARN_COMMA = YES;
				CLANG_WARN_CONSTANT_CONVERSION = YES;
				CLANG_WARN_DEPRECATED_OBJC_IMPLEMENTATIONS = YES;
				CLANG_WARN_DIRECT_OBJC_ISA_USAGE = YES_ERROR;
				CLANG_WARN_DOCUMENTATION_COMMENTS = YES;
				CLANG_WARN_EMPTY_BODY = YES;
				CLANG_WARN_ENUM_CONVERSION = YES;
				CLANG_WARN_INFINITE_RECURSION = YES;
				CLANG_WARN_INT_CONVERSION = YES;
				CLANG_WARN_NON_LITERAL_NULL_CONVERSION = YES;
				CLANG_WARN_OBJC_IMPLICIT_RETAIN_SELF = YES;
				CLANG_WARN_OBJC_LITERAL_CONVERSION = YES;
				CLANG_WARN_OBJC_ROOT_CLASS = YES_ERROR;
				CLANG_WARN_QUOTED_INCLUDE_IN_FRAMEWORK_HEADER = YES;
				CLANG_WARN_RANGE_LOOP_ANALYSIS = YES;
				CLANG_WARN_STRICT_PROTOTYPES = YES;
				CLANG_WARN_SUSPICIOUS_MOVE = YES;
				CLANG_WARN_UNGUARDED_AVAILABILITY = YES_AGGRESSIVE;
				CLANG_WARN_UNREACHABLE_CODE = YES;
				CLANG_WARN__DUPLICATE_METHOD_MATCH = YES;
				CODE_SIGN_IDENTITY = "-";
				CODE_SIGN_STYLE = Automatic;
				COPY_PHASE_STRIP = NO;
				CURRENT_PROJECT_VERSION = 1;
				DEAD_CODE_STRIPPING = YES;
				DEBUG_INFORMATION_FORMAT = dwarf;
				ENABLE_HARDENED_RUNTIME = YES;
				ENABLE_STRICT_OBJC_MSGSEND = YES;
				ENABLE_TESTABILITY = YES;
				GCC_C_LANGUAGE_STANDARD = gnu11;
				GCC_DYNAMIC_NO_PIC = NO;
				GCC_NO_COMMON_BLOCKS = YES;
				GCC_OPTIMIZATION_LEVEL = 0;
				GCC_PREPROCESSOR_DEFINITIONS = (
					"$(inherited)",
					"DEBUG=1",
				);
				GCC_WARN_64_TO_32_BIT_CONVERSION = YES;
				GCC_WARN_ABOUT_RETURN_TYPE = YES_ERROR;
				GCC_WARN_UNDECLARED_SELECTOR = YES;
				GCC_WARN_UNINITIALIZED_AUTOS = YES_AGGRESSIVE;
				GCC_WARN_UNUSED_FUNCTION = YES;
				GCC_WARN_UNUSED_VARIABLE = YES;
				MACOSX_DEPLOYMENT_TARGET = 14.0;
				MARKETING_VERSION = 0.1.0;
				MTL_ENABLE_DEBUG_INFO = INCLUDE_SOURCE;
				MTL_FAST_MATH = YES;
				ONLY_ACTIVE_ARCH = YES;
				PRODUCT_NAME = "$(TARGET_NAME)";
				SDKROOT = macosx;
				SWIFT_ACTIVE_COMPILATION_CONDITIONS = DEBUG;
				SWIFT_OPTIMIZATION_LEVEL = "-Onone";
				SWIFT_STRICT_CONCURRENCY = minimal;
				SWIFT_VERSION = 5.0;
			};
			name = Debug;
		};
		7B3D5A4FC49B30D1189E9043 /* Release */ = {
			isa = XCBuildConfiguration;
			buildSettings = {
				CODE_SIGN_ENTITLEMENTS = Resources/ReadmeLensQuickLook.entitlements;
				COMBINE_HIDPI_IMAGES = YES;
				ENABLE_APP_SANDBOX = YES;
				INFOPLIST_FILE = "Resources/QuickLook-Info.plist";
				LD_RUNPATH_SEARCH_PATHS = (
					"$(inherited)",
					"@executable_path/../Frameworks",
					"@executable_path/../../../../Frameworks",
				);
				PRODUCT_BUNDLE_IDENTIFIER = io.dhruvex.readmelens.quicklook;
				PRODUCT_NAME = ReadmeLensQuickLook;
				SDKROOT = macosx;
				SKIP_INSTALL = YES;
			};
			name = Release;
		};
		A53939BAA1E6152E2DD40A16 /* Debug */ = {
			isa = XCBuildConfiguration;
			buildSettings = {
				BUNDLE_LOADER = "$(TEST_HOST)";
				COMBINE_HIDPI_IMAGES = YES;
				GENERATE_INFOPLIST_FILE = YES;
				LD_RUNPATH_SEARCH_PATHS = (
					"$(inherited)",
					"@executable_path/../Frameworks",
					"@loader_path/../Frameworks",
				);
				PRODUCT_BUNDLE_IDENTIFIER = io.dhruvex.readmelens.tests;
				SDKROOT = macosx;
				TEST_HOST = "$(BUILT_PRODUCTS_DIR)/ReadmeLens.app/Contents/MacOS/ReadmeLens";
			};
			name = Debug;
		};
		CBE45FFCE30DB56948AAFD39 /* Release */ = {
			isa = XCBuildConfiguration;
			buildSettings = {
				BUNDLE_LOADER = "$(TEST_HOST)";
				COMBINE_HIDPI_IMAGES = YES;
				GENERATE_INFOPLIST_FILE = YES;
				LD_RUNPATH_SEARCH_PATHS = (
					"$(inherited)",
					"@executable_path/../Frameworks",
					"@loader_path/../Frameworks",
				);
				PRODUCT_BUNDLE_IDENTIFIER = io.dhruvex.readmelens.tests;
				SDKROOT = macosx;
				TEST_HOST = "$(BUILT_PRODUCTS_DIR)/ReadmeLens.app/Contents/MacOS/ReadmeLens";
			};
			name = Release;
		};
		CDD9537EE619590C52D5A4EB /* Debug */ = {
			isa = XCBuildConfiguration;
			buildSettings = {
				CODE_SIGN_ENTITLEMENTS = Resources/ReadmeLensQuickLook.entitlements;
				COMBINE_HIDPI_IMAGES = YES;
				ENABLE_APP_SANDBOX = YES;
				INFOPLIST_FILE = "Resources/QuickLook-Info.plist";
				LD_RUNPATH_SEARCH_PATHS = (
					"$(inherited)",
					"@executable_path/../Frameworks",
					"@executable_path/../../../../Frameworks",
				);
				PRODUCT_BUNDLE_IDENTIFIER = io.dhruvex.readmelens.quicklook;
				PRODUCT_NAME = ReadmeLensQuickLook;
				SDKROOT = macosx;
				SKIP_INSTALL = YES;
			};
			name = Debug;
		};
/* End XCBuildConfiguration section */

/* Begin XCConfigurationList section */
		6F673FFD6B9B1FE803F0FB84 /* Build configuration list for PBXNativeTarget "ReadmeLens" */ = {
			isa = XCConfigurationList;
			buildConfigurations = (
				3168B2BED8019D5E379D70E3 /* Debug */,
				117EA9C8D75DDF7B5A68341C /* Release */,
			);
			defaultConfigurationIsVisible = 0;
			defaultConfigurationName = Debug;
		};
		A5F7DEA327548A76B35E6245 /* Build configuration list for PBXNativeTarget "ReadmeLensQuickLook" */ = {
			isa = XCConfigurationList;
			buildConfigurations = (
				CDD9537EE619590C52D5A4EB /* Debug */,
				7B3D5A4FC49B30D1189E9043 /* Release */,
			);
			defaultConfigurationIsVisible = 0;
			defaultConfigurationName = Debug;
		};
		AFF56DA2A4C5C9F7A9610241 /* Build configuration list for PBXNativeTarget "ReadmeLensTests" */ = {
			isa = XCConfigurationList;
			buildConfigurations = (
				A53939BAA1E6152E2DD40A16 /* Debug */,
				CBE45FFCE30DB56948AAFD39 /* Release */,
			);
			defaultConfigurationIsVisible = 0;
			defaultConfigurationName = Debug;
		};
		EEA1CCD47DB5A25FF29201C2 /* Build configuration list for PBXProject "ReadmeLens" */ = {
			isa = XCConfigurationList;
			buildConfigurations = (
				75FD3B3E47A7B5A0CE6C8C61 /* Debug */,
				18D72DBDD66783630EA8E75E /* Release */,
			);
			defaultConfigurationIsVisible = 0;
			defaultConfigurationName = Debug;
		};
/* End XCConfigurationList section */

/* Begin XCRemoteSwiftPackageReference section */
		93FAFCF1C2D42EF5AFF79F7B /* XCRemoteSwiftPackageReference "swift-markdown" */ = {
			isa = XCRemoteSwiftPackageReference;
			repositoryURL = "https://github.com/apple/swift-markdown";
			requirement = {
				kind = upToNextMajorVersion;
				minimumVersion = 0.5.0;
			};
		};
/* End XCRemoteSwiftPackageReference section */

/* Begin XCSwiftPackageProductDependency section */
		3476431F263C63EF441CF804 /* Markdown */ = {
			isa = XCSwiftPackageProductDependency;
			package = 93FAFCF1C2D42EF5AFF79F7B /* XCRemoteSwiftPackageReference "swift-markdown" */;
			productName = Markdown;
		};
		689967CA8C6A41D69EAC1BB8 /* Markdown */ = {
			isa = XCSwiftPackageProductDependency;
			package = 93FAFCF1C2D42EF5AFF79F7B /* XCRemoteSwiftPackageReference "swift-markdown" */;
			productName = Markdown;
		};
		8E5B251287594F93AEA4334F /* Markdown */ = {
			isa = XCSwiftPackageProductDependency;
			package = 93FAFCF1C2D42EF5AFF79F7B /* XCRemoteSwiftPackageReference "swift-markdown" */;
			productName = Markdown;
		};
/* End XCSwiftPackageProductDependency section */
	};
	rootObject = D515A1B3C1CE160D131C1DE5 /* Project object */;
}
